{
  "name": "lambda-control-plane-python",
  "version": "1.0.0",
  "lockfileVersion": 1,
  "dependencies": {
    "serverless-pseudo-parameters": {
      "version": "1.4.2",
      "resolved": "https://registry.npmjs.org/serverless-pseudo-parameters/-/serverless-pseudo-parameters-1.4.2.tgz",
      "integrity": "sha512-4Mlk4qSWuhGeuVMLCb43lf6s2+B2kWhicxl284KX0KBd1eJrifvJOOj4PzKYdig5l4p0/61nNj6QXnR++jG6Iw=="
    }
  }
}
